{
  "upstream": "https://github.com/mattpocock/skills.git",
  "ref": "main",
  "sha": "6654f6b60cd9d5be8b54c6fafe44346dabeb3b76",
  "syncedAt": "2026-08-27T14:34:55Z",
  "installed": [
    "ask-matt",
    "code-review",
    "codebase-design",
    "diagnosing-bugs",
    "domain-modeling",
    "grill-me",
    "grill-with-docs",
    "grilling",
    "handoff",
    "implement",
    "improve-codebase-architecture",
    "prototype",
    "research",
    "resolving-merge-conflicts",
    "setup-matt-pocock-skills",
    "tdd",
    "teach",
    "to-questionnaire",
    "to-spec",
    "to-tickets",
    "triage",
    "wait-what",
    "wayfinder",
    "wizard",
    "writing-for-agents"
  ]
}
